
Microsoft Visual Studio Solution File, Format Version 12.00
# Visual Studio Version 17
VisualStudioVersion = 17.14.36414.22
MinimumVisualStudioVersion = 10.0.40219.1
Project("{FAE04EC0-301F-11D3-BF4B-00C04F79EFBC}") = "ZPWEB", "RTWEB\ZPWEB.csproj", "{F18F4391-BA12-454F-A7F3-0F61AED2BB40}"
EndProject
Global
	GlobalSection(SolutionConfigurationPlatforms) = preSolution
		Debug|Any CPU = Debug|Any CPU
		Release|Any CPU = Release|Any CPU
	EndGlobalSection
	GlobalSection(ProjectConfigurationPlatforms) = postSolution
		{F18F4391-BA12-454F-A7F3-0F61AED2BB40}.Debug|Any CPU.ActiveCfg = Debug|Any CPU
		{F18F4391-BA12-454F-A7F3-0F61AED2BB40}.Debug|Any CPU.Build.0 = Debug|Any CPU
		{F18F4391-BA12-454F-A7F3-0F61AED2BB40}.Release|Any CPU.ActiveCfg = Release|Any CPU
		{F18F4391-BA12-454F-A7F3-0F61AED2BB40}.Release|Any CPU.Build.0 = Release|Any CPU
	EndGlobalSection
	GlobalSection(SolutionProperties) = preSolution
		HideSolutionNode = FALSE
	EndGlobalSection
	GlobalSection(ExtensibilityGlobals) = postSolution
		SolutionGuid = {C8F4781C-6680-4257-98CC-1272152CC236}
	EndGlobalSection
EndGlobal
